{
    "lockfile_version": "1.0",
    "created_at": "2025-08-30T01:30:34.779481+05:30",
    "invocation": {
        "command": "tb",
        "args": [
            "run",
            "--agent",
            "terminus-2",
            "--model",
            "anthropic/claude-sonnet-4-20250514",
            "--task-id",
            "7b2f8890-a931-4ab6-9161-6d41c289e63c_terminal_bench_fifo_hard"
        ]
    },
    "harness": {
        "package": "terminal-bench",
        "version": "0.2.17",
        "is_editable_installation": true
    },
    "agent": {
        "name": "terminus-2",
        "import_path": "terminal_bench.agents.terminus_2.terminus_2:Terminus2",
        "model_name": "anthropic/claude-sonnet-4-20250514",
        "extra_kwargs": {
            "no_rebuild": false,
            "model_name": "anthropic/claude-sonnet-4-20250514"
        }
    },
    "run_config": {
        "log_level": "info",
        "livestream": false,
        "n_concurrent_trials": 4,
        "n_attempts": 1,
        "no_rebuild": false,
        "cleanup": true,
        "global_timeout_multiplier": 1.0,
        "global_agent_timeout_sec": null,
        "global_test_timeout_sec": null
    },
    "dataset": {
        "name": null,
        "version": null,
        "local_path": "/Users/mathavansg/Desktop/terminal-bench/tasks",
        "task_ids": [
            "7b2f8890-a931-4ab6-9161-6d41c289e63c_terminal_bench_fifo_hard"
        ],
        "registry_url": null,
        "local_registry_path": null
    },
    "local_config": {
        "output_path": "runs",
        "run_id": "2025-08-30__01-30-34",
        "upload_results": false
    }
}